
Microsoft Visual Studio Solution File, Format Version 12.00
# Visual Studio Version 17
VisualStudioVersion = 17.6.33815.320
MinimumVisualStudioVersion = 10.0.40219.1
Project("{FAE04EC0-301F-11D3-BF4B-00C04F79EFBC}") = "HeroMaker", "HeroMaker\HeroMaker.csproj", "{1D38F5D2-B528-4A71-ADC8-95C87D2BCA3A}"
EndProject
Global
	GlobalSection(SolutionConfigurationPlatforms) = preSolution
		Debug|Any CPU = Debug|Any CPU
		Release|Any CPU = Release|Any CPU
	EndGlobalSection
	GlobalSection(ProjectConfigurationPlatforms) = postSolution
		{1D38F5D2-B528-4A71-ADC8-95C87D2BCA3A}.Debug|Any CPU.ActiveCfg = Debug|Any CPU
		{1D38F5D2-B528-4A71-ADC8-95C87D2BCA3A}.Debug|Any CPU.Build.0 = Debug|Any CPU
		{1D38F5D2-B528-4A71-ADC8-95C87D2BCA3A}.Release|Any CPU.ActiveCfg = Release|Any CPU
		{1D38F5D2-B528-4A71-ADC8-95C87D2BCA3A}.Release|Any CPU.Build.0 = Release|Any CPU
	EndGlobalSection
	GlobalSection(SolutionProperties) = preSolution
		HideSolutionNode = FALSE
	EndGlobalSection
	GlobalSection(ExtensibilityGlobals) = postSolution
		SolutionGuid = {273A8A8C-AA29-4F13-B835-4F5BC3C425E8}
	EndGlobalSection
EndGlobal
